
Microsoft Visual Studio Solution File, Format Version 12.00
# Visual Studio Version 17
VisualStudioVersion = 17.0.31912.275
MinimumVisualStudioVersion = 10.0.40219.1
Project("{FAE04EC0-301F-11D3-BF4B-00C04F79EFBC}") = "FisherChessServer.Core", "FisherChessServer.Core\FisherChessServer.Core.csproj", "{4585F83C-6EB8-48F6-940D-CC51B1499324}"
EndProject
Global
	GlobalSection(SolutionConfigurationPlatforms) = preSolution
		Debug|Any CPU = Debug|Any CPU
		Release|Any CPU = Release|Any CPU
	EndGlobalSection
	GlobalSection(ProjectConfigurationPlatforms) = postSolution
		{4585F83C-6EB8-48F6-940D-CC51B1499324}.Debug|Any CPU.ActiveCfg = Debug|Any CPU
		{4585F83C-6EB8-48F6-940D-CC51B1499324}.Debug|Any CPU.Build.0 = Debug|Any CPU
		{4585F83C-6EB8-48F6-940D-CC51B1499324}.Release|Any CPU.ActiveCfg = Release|Any CPU
		{4585F83C-6EB8-48F6-940D-CC51B1499324}.Release|Any CPU.Build.0 = Release|Any CPU
	EndGlobalSection
	GlobalSection(SolutionProperties) = preSolution
		HideSolutionNode = FALSE
	EndGlobalSection
	GlobalSection(ExtensibilityGlobals) = postSolution
		SolutionGuid = {498C47E7-B90F-4689-AB8F-D10165E65652}
	EndGlobalSection
EndGlobal
